
Microsoft Visual Studio Solution File, Format Version 12.00
# Visual Studio Version 16
VisualStudioVersion = 16.0.36602.28
MinimumVisualStudioVersion = 10.0.40219.1
Project("{FAE04EC0-301F-11D3-BF4B-00C04F79EFBC}") = "Creativa.Data", "Creativa.Data\Creativa.Data.csproj", "{3C56E1C2-1783-47CE-BB53-EFB81F91266F}"
EndProject
Project("{FAE04EC0-301F-11D3-BF4B-00C04F79EFBC}") = "Creativa.Services", "Creativa.Services\Creativa.Services.csproj", "{074E78A3-F34C-4E5F-AB62-C785C8F68ED3}"
EndProject
Project("{FAE04EC0-301F-11D3-BF4B-00C04F79EFBC}") = "Creativa.Web", "Creativa.Web\Creativa.Web.csproj", "{FA7F9798-FA8E-4BB4-B3CB-D10BDF75A737}"
	ProjectSection(ProjectDependencies) = postProject
		{074E78A3-F34C-4E5F-AB62-C785C8F68ED3} = {074E78A3-F34C-4E5F-AB62-C785C8F68ED3}
	EndProjectSection
EndProject
Global
	GlobalSection(SolutionConfigurationPlatforms) = preSolution
		Debug|Any CPU = Debug|Any CPU
		Release|Any CPU = Release|Any CPU
	EndGlobalSection
	GlobalSection(ProjectConfigurationPlatforms) = postSolution
		{3C56E1C2-1783-47CE-BB53-EFB81F91266F}.Debug|Any CPU.ActiveCfg = Debug|Any CPU
		{3C56E1C2-1783-47CE-BB53-EFB81F91266F}.Debug|Any CPU.Build.0 = Debug|Any CPU
		{3C56E1C2-1783-47CE-BB53-EFB81F91266F}.Release|Any CPU.ActiveCfg = Release|Any CPU
		{3C56E1C2-1783-47CE-BB53-EFB81F91266F}.Release|Any CPU.Build.0 = Release|Any CPU
		{074E78A3-F34C-4E5F-AB62-C785C8F68ED3}.Debug|Any CPU.ActiveCfg = Debug|Any CPU
		{074E78A3-F34C-4E5F-AB62-C785C8F68ED3}.Debug|Any CPU.Build.0 = Debug|Any CPU
		{074E78A3-F34C-4E5F-AB62-C785C8F68ED3}.Release|Any CPU.ActiveCfg = Release|Any CPU
		{074E78A3-F34C-4E5F-AB62-C785C8F68ED3}.Release|Any CPU.Build.0 = Release|Any CPU
		{FA7F9798-FA8E-4BB4-B3CB-D10BDF75A737}.Debug|Any CPU.ActiveCfg = Debug|Any CPU
		{FA7F9798-FA8E-4BB4-B3CB-D10BDF75A737}.Debug|Any CPU.Build.0 = Debug|Any CPU
		{FA7F9798-FA8E-4BB4-B3CB-D10BDF75A737}.Release|Any CPU.ActiveCfg = Release|Any CPU
		{FA7F9798-FA8E-4BB4-B3CB-D10BDF75A737}.Release|Any CPU.Build.0 = Release|Any CPU
	EndGlobalSection
	GlobalSection(SolutionProperties) = preSolution
		HideSolutionNode = FALSE
	EndGlobalSection
	GlobalSection(ExtensibilityGlobals) = postSolution
		SolutionGuid = {322EB015-AA67-4366-B80E-683CF9FCD341}
	EndGlobalSection
EndGlobal
